
Microsoft Visual Studio Solution File, Format Version 12.00
# Visual Studio 15
VisualStudioVersion = 15.0.28010.2003
MinimumVisualStudioVersion = 10.0.40219.1
Project("{FAE04EC0-301F-11D3-BF4B-00C04F79EFBC}") = "PracticaPolimorfismo", "PracticaPolimorfismo\PracticaPolimorfismo.csproj", "{DA8A91B5-747A-4EBE-BF75-F58AF929FC44}"
EndProject
Global
	GlobalSection(SolutionConfigurationPlatforms) = preSolution
		Debug|Any CPU = Debug|Any CPU
		Release|Any CPU = Release|Any CPU
	EndGlobalSection
	GlobalSection(ProjectConfigurationPlatforms) = postSolution
		{DA8A91B5-747A-4EBE-BF75-F58AF929FC44}.Debug|Any CPU.ActiveCfg = Debug|Any CPU
		{DA8A91B5-747A-4EBE-BF75-F58AF929FC44}.Debug|Any CPU.Build.0 = Debug|Any CPU
		{DA8A91B5-747A-4EBE-BF75-F58AF929FC44}.Release|Any CPU.ActiveCfg = Release|Any CPU
		{DA8A91B5-747A-4EBE-BF75-F58AF929FC44}.Release|Any CPU.Build.0 = Release|Any CPU
	EndGlobalSection
	GlobalSection(SolutionProperties) = preSolution
		HideSolutionNode = FALSE
	EndGlobalSection
	GlobalSection(ExtensibilityGlobals) = postSolution
		SolutionGuid = {15DFF269-0A36-4334-A9E4-3EA8396C465B}
	EndGlobalSection
EndGlobal
